<?xml version="1.0" encoding="utf-8"?>
<Project xmlns="http://schemas.microsoft.com/developer/msbuild/2003">
  <ItemGroup>
    <Filter Include="Generated Files">
      <UniqueIdentifier>{71ED8ED8-ACB9-4CE9-BBE1-E00B30144E11}</UniqueIdentifier>
      <Extensions>cpp;c;cxx;moc;h;def;odl;idl;res;</Extensions>
    </Filter>
    <Filter Include="Generated Files">
      <UniqueIdentifier>{71ED8ED8-ACB9-4CE9-BBE1-E00B30144E11}</UniqueIdentifier>
      <Extensions>cpp;c;cxx;moc;h;def;odl;idl;res;</Extensions>
    </Filter>
    <Filter Include="Header Files">
      <UniqueIdentifier>{93995380-89BD-4b04-88EB-625FBE52EBFB}</UniqueIdentifier>
      <Extensions>h;hpp;hxx;hm;inl;inc;xsd</Extensions>
    </Filter>
    <Filter Include="Header Files">
      <UniqueIdentifier>{93995380-89BD-4b04-88EB-625FBE52EBFB}</UniqueIdentifier>
      <Extensions>h;hpp;hxx;hm;inl;inc;xsd</Extensions>
    </Filter>
    <Filter Include="Source Files">
      <UniqueIdentifier>{4FC737F1-C7A5-4376-A066-2A32D752A2FF}</UniqueIdentifier>
      <Extensions>cpp;c;cxx;def;odl;idl;hpj;bat;asm;asmx</Extensions>
    </Filter>
    <Filter Include="Source Files">
      <UniqueIdentifier>{4FC737F1-C7A5-4376-A066-2A32D752A2FF}</UniqueIdentifier>
      <Extensions>cpp;c;cxx;def;odl;idl;hpj;bat;asm;asmx</Extensions>
    </Filter>
    <Filter Include="Header Files\zip">
      <UniqueIdentifier>{406bb0d4-b9b8-4091-b922-f0bdffa338f0}</UniqueIdentifier>
    </Filter>
    <Filter Include="Source Files\zip">
      <UniqueIdentifier>{f90c3bde-8ff7-4663-a6bd-8ad2764a7804}</UniqueIdentifier>
    </Filter>
    <Filter Include="Header Files\tfdetect">
      <UniqueIdentifier>{b480a123-f949-47e5-a2d3-63cd12f6d2d1}</UniqueIdentifier>
    </Filter>
    <Filter Include="Source Files\tfdetect">
      <UniqueIdentifier>{88f5423d-3181-4976-893f-92fe878b1305}</UniqueIdentifier>
    </Filter>
    <Filter Include="Resources">
      <UniqueIdentifier>{efe3d3d4-9e13-406f-9582-8903b204e8eb}</UniqueIdentifier>
    </Filter>
  </ItemGroup>
  <ItemGroup>
    <ClCompile Include="classifier.cpp">
      <Filter>Source Files</Filter>
    </ClCompile>
    <ClCompile Include="main.cpp">
      <Filter>Source Files</Filter>
    </ClCompile>
    <ClCompile Include="mainwindow.cpp">
      <Filter>Source Files</Filter>
    </ClCompile>
    <ClCompile Include="zip\qzip.cpp">
      <Filter>Source Files\zip</Filter>
    </ClCompile>
    <ClCompile Include="tfdetect\tfdetect.cpp">
      <Filter>Source Files\tfdetect</Filter>
    </ClCompile>
    <ClCompile Include="viewport.cpp">
      <Filter>Source Files</Filter>
    </ClCompile>
    <ClCompile Include="view_queue.cpp">
      <Filter>Source Files</Filter>
    </ClCompile>
    <ClCompile Include="utils.cpp">
      <Filter>Source Files</Filter>
    </ClCompile>
    <ClCompile Include="progress_indicator.cpp">
      <Filter>Source Files</Filter>
    </ClCompile>
    <ClCompile Include="graphics_text_item.cpp">
      <Filter>Source Files</Filter>
    </ClCompile>
    <ClCompile Include="graphics_line_item.cpp">
      <Filter>Source Files</Filter>
    </ClCompile>
    <ClCompile Include="graphics_item.cpp">
      <Filter>Source Files</Filter>
    </ClCompile>
    <ClCompile Include="graphics_ellipse_item.cpp">
      <Filter>Source Files</Filter>
    </ClCompile>
    <ClCompile Include="graphics_angle_item.cpp">
      <Filter>Source Files</Filter>
    </ClCompile>
    <ClCompile Include="graphics_poly_item.cpp">
      <Filter>Source Files</Filter>
    </ClCompile>
    <ClCompile Include="app_preferences.cpp">
      <Filter>Source Files</Filter>
    </ClCompile>
    <ClCompile Include="settings_window.cpp">
      <Filter>Source Files</Filter>
    </ClCompile>
    <ClCompile Include="graphics_cobb_angle_item.cpp">
      <Filter>Source Files</Filter>
    </ClCompile>
  </ItemGroup>
  <ItemGroup>
    <ClInclude Include="classifier.h">
      <Filter>Header Files</Filter>
    </ClInclude>
    <QtMoc Include="mainwindow.h">
      <Filter>Header Files</Filter>
    </QtMoc>
    <ClInclude Include="zip\qzipwriter.h">
      <Filter>Header Files\zip</Filter>
    </ClInclude>
    <ClInclude Include="zip\qzipreader.h">
      <Filter>Header Files\zip</Filter>
    </ClInclude>
    <ClInclude Include="tfdetect\tfdetect.h">
      <Filter>Header Files\tfdetect</Filter>
    </ClInclude>
    <ClInclude Include="tfdetect\tfwrapper.h">
      <Filter>Header Files\tfdetect</Filter>
    </ClInclude>
    <ClInclude Include="utils.h">
      <Filter>Header Files</Filter>
    </ClInclude>
    <ClInclude Include="metadata.h">
      <Filter>Header Files</Filter>
    </ClInclude>
    <ClInclude Include="resource.h">
      <Filter>Generated Files</Filter>
    </ClInclude>
    <ClInclude Include="graphics_text_item.h">
      <Filter>Header Files</Filter>
    </ClInclude>
    <ClInclude Include="graphics_line_item.h">
      <Filter>Header Files</Filter>
    </ClInclude>
    <ClInclude Include="graphics_item.h">
      <Filter>Header Files</Filter>
    </ClInclude>
    <ClInclude Include="graphics_ellipse_item.h">
      <Filter>Header Files</Filter>
    </ClInclude>
    <ClInclude Include="graphics_angle_item.h">
      <Filter>Header Files</Filter>
    </ClInclude>
    <ClInclude Include="graphics_poly_item.h">
      <Filter>Header Files</Filter>
    </ClInclude>
    <ClInclude Include="app_preferences.h">
      <Filter>Header Files</Filter>
    </ClInclude>
    <ClInclude Include="defs.h">
      <Filter>Header Files</Filter>
    </ClInclude>
    <ClInclude Include="graphics_cobb_angle_item.h">
      <Filter>Header Files</Filter>
    </ClInclude>
  </ItemGroup>
  <ItemGroup>
    <CustomBuild Include="debug\moc_predefs.h.cbt">
      <Filter>Generated Files</Filter>
    </CustomBuild>
    <CustomBuild Include="release\moc_predefs.h.cbt">
      <Filter>Generated Files</Filter>
    </CustomBuild>
  </ItemGroup>
  <ItemGroup>
    <QtMoc Include="viewport.h">
      <Filter>Header Files</Filter>
    </QtMoc>
    <QtMoc Include="view_queue.h">
      <Filter>Header Files</Filter>
    </QtMoc>
    <QtMoc Include="progress_indicator.h">
      <Filter>Header Files</Filter>
    </QtMoc>
    <QtMoc Include="settings_window.h">
      <Filter>Header Files</Filter>
    </QtMoc>
  </ItemGroup>
  <ItemGroup>
    <ResourceCompile Include="grading_tool.rc" />
  </ItemGroup>
  <ItemGroup>
    <QtRcc Include="resources.qrc">
      <Filter>Resources</Filter>
    </QtRcc>
  </ItemGroup>
</Project>