<?xml version="1.0" encoding="utf-8"?>
<Project ToolsVersion="4.0" xmlns="http://schemas.microsoft.com/developer/msbuild/2003">
  <ItemGroup>
    <Filter Include="Source Files">
      <UniqueIdentifier>{4FC737F1-C7A5-4376-A066-2A32D752A2FF}</UniqueIdentifier>
      <Extensions>cpp;c;cc;cxx;def;odl;idl;hpj;bat;asm;asmx</Extensions>
    </Filter>
    <Filter Include="Header Files">
      <UniqueIdentifier>{93995380-89BD-4b04-88EB-625FBE52EBFB}</UniqueIdentifier>
      <Extensions>h;hh;hpp;hxx;hm;inl;inc;xsd</Extensions>
    </Filter>
    <Filter Include="Resource Files">
      <UniqueIdentifier>{67DA6AB6-F800-4c08-8B7A-83BB121AAD01}</UniqueIdentifier>
      <Extensions>rc;ico;cur;bmp;dlg;rc2;rct;bin;rgs;gif;jpg;jpeg;jpe;resx;tiff;tif;png;wav;mfcribbon-ms</Extensions>
    </Filter>
  </ItemGroup>
  <ItemGroup>
    <ClInclude Include="active_contours.h">
      <Filter>Header Files</Filter>
    </ClInclude>
    <ClInclude Include="point.h">
      <Filter>Header Files</Filter>
    </ClInclude>
    <ClInclude Include="defs.h">
      <Filter>Header Files</Filter>
    </ClInclude>
    <ClInclude Include="rect.h">
      <Filter>Header Files</Filter>
    </ClInclude>
    <ClInclude Include="utility.h">
      <Filter>Header Files</Filter>
    </ClInclude>
    <ClInclude Include="timer.h">
      <Filter>Header Files</Filter>
    </ClInclude>
    <ClInclude Include="except.h">
      <Filter>Header Files</Filter>
    </ClInclude>
    <ClInclude Include="xr_math.h">
      <Filter>Header Files</Filter>
    </ClInclude>
    <ClInclude Include="image.h">
      <Filter>Header Files</Filter>
    </ClInclude>
    <ClInclude Include="matrix.h">
      <Filter>Header Files</Filter>
    </ClInclude>
    <ClInclude Include="path_finder.h">
      <Filter>Header Files</Filter>
    </ClInclude>
    <ClInclude Include="image_info.h">
      <Filter>Header Files</Filter>
    </ClInclude>
    <ClInclude Include="break_points_detector.h">
      <Filter>Header Files</Filter>
    </ClInclude>
    <ClInclude Include="session.h">
      <Filter>Header Files</Filter>
    </ClInclude>
    <ClInclude Include="gaps_remover.h">
      <Filter>Header Files</Filter>
    </ClInclude>
    <ClInclude Include="main_processor.h">
      <Filter>Header Files</Filter>
    </ClInclude>
    <ClInclude Include="key_points_finder.h">
      <Filter>Header Files</Filter>
    </ClInclude>
    <ClInclude Include="analysis.h">
      <Filter>Header Files</Filter>
    </ClInclude>
    <ClInclude Include="key_points_radial_finder.h">
      <Filter>Header Files</Filter>
    </ClInclude>
    <ClInclude Include="contours_finder.h">
      <Filter>Header Files</Filter>
    </ClInclude>
    <ClInclude Include="simple_key_points_finder.h">
      <Filter>Header Files</Filter>
    </ClInclude>
    <ClInclude Include="threshold_finder.h">
      <Filter>Header Files</Filter>
    </ClInclude>
    <ClInclude Include="graph.h">
      <Filter>Header Files</Filter>
    </ClInclude>
    <ClInclude Include="simple_contours_finder.h">
      <Filter>Header Files</Filter>
    </ClInclude>
    <ClInclude Include="dev_contours_finder.h">
      <Filter>Header Files</Filter>
    </ClInclude>
    <ClInclude Include="multithreaded_threshold_finder.h">
      <Filter>Header Files</Filter>
    </ClInclude>
  </ItemGroup>
  <ItemGroup>
    <ClCompile Include="active_contours.cpp">
      <Filter>Source Files</Filter>
    </ClCompile>
    <ClCompile Include="utility.cpp">
      <Filter>Source Files</Filter>
    </ClCompile>
    <ClCompile Include="xr_math.cpp">
      <Filter>Source Files</Filter>
    </ClCompile>
    <ClCompile Include="image.cpp">
      <Filter>Source Files</Filter>
    </ClCompile>
    <ClCompile Include="path_finder.cpp">
      <Filter>Source Files</Filter>
    </ClCompile>
    <ClCompile Include="image_info.cpp">
      <Filter>Source Files</Filter>
    </ClCompile>
    <ClCompile Include="break_points_detector.cpp">
      <Filter>Source Files</Filter>
    </ClCompile>
    <ClCompile Include="gaps_remover.cpp">
      <Filter>Source Files</Filter>
    </ClCompile>
    <ClCompile Include="main_processor.cpp">
      <Filter>Source Files</Filter>
    </ClCompile>
    <ClCompile Include="session.cpp">
      <Filter>Source Files</Filter>
    </ClCompile>
    <ClCompile Include="analysis.cpp">
      <Filter>Source Files</Filter>
    </ClCompile>
    <ClCompile Include="key_points_radial_finder.cpp">
      <Filter>Source Files</Filter>
    </ClCompile>
    <ClCompile Include="contours_finder.cpp">
      <Filter>Source Files</Filter>
    </ClCompile>
    <ClCompile Include="simple_key_points_finder.cpp">
      <Filter>Source Files</Filter>
    </ClCompile>
    <ClCompile Include="threshold_finder.cpp">
      <Filter>Source Files</Filter>
    </ClCompile>
    <ClCompile Include="graph.cpp">
      <Filter>Source Files</Filter>
    </ClCompile>
    <ClCompile Include="simple_contours_finder.cpp">
      <Filter>Source Files</Filter>
    </ClCompile>
    <ClCompile Include="dev_contours_finder.cpp">
      <Filter>Source Files</Filter>
    </ClCompile>
    <ClCompile Include="multithreaded_threshold_finder.cpp">
      <Filter>Source Files</Filter>
    </ClCompile>
  </ItemGroup>
</Project>